
Microsoft Visual Studio Solution File, Format Version 12.00
# Visual Studio 15
VisualStudioVersion = 15.0.27428.2005
MinimumVisualStudioVersion = 10.0.40219.1
Project("{FAE04EC0-301F-11D3-BF4B-00C04F79EFBC}") = "TestOnline", "TestOnline\TestOnline.csproj", "{00CCDF50-68FA-4EED-BE00-3547D4B766E7}"
EndProject
Global
	GlobalSection(SolutionConfigurationPlatforms) = preSolution
		Debug|Any CPU = Debug|Any CPU
		Release|Any CPU = Release|Any CPU
	EndGlobalSection
	GlobalSection(ProjectConfigurationPlatforms) = postSolution
		{00CCDF50-68FA-4EED-BE00-3547D4B766E7}.Debug|Any CPU.ActiveCfg = Debug|Any CPU
		{00CCDF50-68FA-4EED-BE00-3547D4B766E7}.Debug|Any CPU.Build.0 = Debug|Any CPU
		{00CCDF50-68FA-4EED-BE00-3547D4B766E7}.Release|Any CPU.ActiveCfg = Release|Any CPU
		{00CCDF50-68FA-4EED-BE00-3547D4B766E7}.Release|Any CPU.Build.0 = Release|Any CPU
	EndGlobalSection
	GlobalSection(SolutionProperties) = preSolution
		HideSolutionNode = FALSE
	EndGlobalSection
	GlobalSection(ExtensibilityGlobals) = postSolution
		SolutionGuid = {925498D1-F1FF-4F63-A0CE-75937B615891}
	EndGlobalSection
EndGlobal
